
Microsoft Visual Studio Solution File, Format Version 12.00
# Visual Studio Version 16
VisualStudioVersion = 16.0.31702.278
MinimumVisualStudioVersion = 10.0.40219.1
Project("{FAE04EC0-301F-11D3-BF4B-00C04F79EFBC}") = "INPI5", "INPI5\INPI5.csproj", "{D719B2D8-3F50-4A75-893D-258F50B858E9}"
EndProject
Global
	GlobalSection(SolutionConfigurationPlatforms) = preSolution
		Debug|Any CPU = Debug|Any CPU
		Release|Any CPU = Release|Any CPU
	EndGlobalSection
	GlobalSection(ProjectConfigurationPlatforms) = postSolution
		{D719B2D8-3F50-4A75-893D-258F50B858E9}.Debug|Any CPU.ActiveCfg = Debug|Any CPU
		{D719B2D8-3F50-4A75-893D-258F50B858E9}.Debug|Any CPU.Build.0 = Debug|Any CPU
		{D719B2D8-3F50-4A75-893D-258F50B858E9}.Release|Any CPU.ActiveCfg = Release|Any CPU
		{D719B2D8-3F50-4A75-893D-258F50B858E9}.Release|Any CPU.Build.0 = Release|Any CPU
	EndGlobalSection
	GlobalSection(SolutionProperties) = preSolution
		HideSolutionNode = FALSE
	EndGlobalSection
	GlobalSection(ExtensibilityGlobals) = postSolution
		SolutionGuid = {1F17422D-9C3F-4A4F-9E78-7F36A5B005C9}
	EndGlobalSection
EndGlobal
